
Microsoft Visual Studio Solution File, Format Version 12.00
# Visual Studio Version 17
VisualStudioVersion = 17.7.34031.279
MinimumVisualStudioVersion = 10.0.40219.1
Project("{8BC9CEB8-8B4A-11D0-8D11-00A0C91BC942}") = "Project01", "Project01\Project01.vcxproj", "{3EC9779D-80C4-4A08-8E5D-10948C87915D}"
EndProject
Global
	GlobalSection(SolutionConfigurationPlatforms) = preSolution
		Debug|x64 = Debug|x64
		Debug|x86 = Debug|x86
		Kat|x64 = Kat|x64
		Kat|x86 = Kat|x86
		Release|x64 = Release|x64
		Release|x86 = Release|x86
	EndGlobalSection
	GlobalSection(ProjectConfigurationPlatforms) = postSolution
		{3EC9779D-80C4-4A08-8E5D-10948C87915D}.Debug|x64.ActiveCfg = Debug|x64
		{3EC9779D-80C4-4A08-8E5D-10948C87915D}.Debug|x64.Build.0 = Debug|x64
		{3EC9779D-80C4-4A08-8E5D-10948C87915D}.Debug|x86.ActiveCfg = Debug|Win32
		{3EC9779D-80C4-4A08-8E5D-10948C87915D}.Debug|x86.Build.0 = Debug|Win32
		{3EC9779D-80C4-4A08-8E5D-10948C87915D}.Kat|x64.ActiveCfg = Kat|x64
		{3EC9779D-80C4-4A08-8E5D-10948C87915D}.Kat|x64.Build.0 = Kat|x64
		{3EC9779D-80C4-4A08-8E5D-10948C87915D}.Kat|x86.ActiveCfg = Kat|Win32
		{3EC9779D-80C4-4A08-8E5D-10948C87915D}.Kat|x86.Build.0 = Kat|Win32
		{3EC9779D-80C4-4A08-8E5D-10948C87915D}.Release|x64.ActiveCfg = Release|x64
		{3EC9779D-80C4-4A08-8E5D-10948C87915D}.Release|x64.Build.0 = Release|x64
		{3EC9779D-80C4-4A08-8E5D-10948C87915D}.Release|x86.ActiveCfg = Release|Win32
		{3EC9779D-80C4-4A08-8E5D-10948C87915D}.Release|x86.Build.0 = Release|Win32
	EndGlobalSection
	GlobalSection(SolutionProperties) = preSolution
		HideSolutionNode = FALSE
	EndGlobalSection
	GlobalSection(ExtensibilityGlobals) = postSolution
		SolutionGuid = {A6437D8C-6BB8-4437-AF31-AA86DAF6D86D}
	EndGlobalSection
EndGlobal
